
Microsoft Visual Studio Solution File, Format Version 12.00
# Visual Studio Version 16
VisualStudioVersion = 16.0.30413.136
MinimumVisualStudioVersion = 10.0.40219.1
Project("{FAE04EC0-301F-11D3-BF4B-00C04F79EFBC}") = "TRMDataManager", "TRMDataManager\TRMDataManager.csproj", "{92620B18-0A4A-4D11-B835-820B76447431}"
EndProject
Project("{00D1A9C2-B5F0-4AF3-8072-F6C62B433612}") = "TRMData", "TRMData\TRMData.sqlproj", "{C0DCA4E9-0B09-482E-B15C-0076A094060E}"
EndProject
Project("{FAE04EC0-301F-11D3-BF4B-00C04F79EFBC}") = "TRMWPFUserInterface", "TRMWPFUserInterface\TRMWPFUserInterface.csproj", "{C32E0982-9621-46B8-8B5F-5B587498C7A0}"
EndProject
Project("{FAE04EC0-301F-11D3-BF4B-00C04F79EFBC}") = "TRMDataManager.Library", "TRMDataManager.Library\TRMDataManager.Library.csproj", "{BBCE7D96-E1CE-45C8-93DD-5F046B0FEE7E}"
EndProject
Project("{FAE04EC0-301F-11D3-BF4B-00C04F79EFBC}") = "TRMWPFUserInterace.Library", "TRMWPFUserInterace.Library\TRMWPFUserInterace.Library.csproj", "{F3C8D63C-0080-4C2B-AB08-ACC329290938}"
EndProject
Global
	GlobalSection(SolutionConfigurationPlatforms) = preSolution
		Debug|Any CPU = Debug|Any CPU
		Release|Any CPU = Release|Any CPU
	EndGlobalSection
	GlobalSection(ProjectConfigurationPlatforms) = postSolution
		{92620B18-0A4A-4D11-B835-820B76447431}.Debug|Any CPU.ActiveCfg = Debug|Any CPU
		{92620B18-0A4A-4D11-B835-820B76447431}.Debug|Any CPU.Build.0 = Debug|Any CPU
		{92620B18-0A4A-4D11-B835-820B76447431}.Release|Any CPU.ActiveCfg = Release|Any CPU
		{92620B18-0A4A-4D11-B835-820B76447431}.Release|Any CPU.Build.0 = Release|Any CPU
		{C0DCA4E9-0B09-482E-B15C-0076A094060E}.Debug|Any CPU.ActiveCfg = Debug|Any CPU
		{C0DCA4E9-0B09-482E-B15C-0076A094060E}.Debug|Any CPU.Build.0 = Debug|Any CPU
		{C0DCA4E9-0B09-482E-B15C-0076A094060E}.Debug|Any CPU.Deploy.0 = Debug|Any CPU
		{C0DCA4E9-0B09-482E-B15C-0076A094060E}.Release|Any CPU.ActiveCfg = Release|Any CPU
		{C0DCA4E9-0B09-482E-B15C-0076A094060E}.Release|Any CPU.Build.0 = Release|Any CPU
		{C0DCA4E9-0B09-482E-B15C-0076A094060E}.Release|Any CPU.Deploy.0 = Release|Any CPU
		{C32E0982-9621-46B8-8B5F-5B587498C7A0}.Debug|Any CPU.ActiveCfg = Debug|Any CPU
		{C32E0982-9621-46B8-8B5F-5B587498C7A0}.Debug|Any CPU.Build.0 = Debug|Any CPU
		{C32E0982-9621-46B8-8B5F-5B587498C7A0}.Release|Any CPU.ActiveCfg = Release|Any CPU
		{C32E0982-9621-46B8-8B5F-5B587498C7A0}.Release|Any CPU.Build.0 = Release|Any CPU
		{BBCE7D96-E1CE-45C8-93DD-5F046B0FEE7E}.Debug|Any CPU.ActiveCfg = Debug|Any CPU
		{BBCE7D96-E1CE-45C8-93DD-5F046B0FEE7E}.Debug|Any CPU.Build.0 = Debug|Any CPU
		{BBCE7D96-E1CE-45C8-93DD-5F046B0FEE7E}.Release|Any CPU.ActiveCfg = Release|Any CPU
		{BBCE7D96-E1CE-45C8-93DD-5F046B0FEE7E}.Release|Any CPU.Build.0 = Release|Any CPU
		{F3C8D63C-0080-4C2B-AB08-ACC329290938}.Debug|Any CPU.ActiveCfg = Debug|Any CPU
		{F3C8D63C-0080-4C2B-AB08-ACC329290938}.Debug|Any CPU.Build.0 = Debug|Any CPU
		{F3C8D63C-0080-4C2B-AB08-ACC329290938}.Release|Any CPU.ActiveCfg = Release|Any CPU
		{F3C8D63C-0080-4C2B-AB08-ACC329290938}.Release|Any CPU.Build.0 = Release|Any CPU
	EndGlobalSection
	GlobalSection(SolutionProperties) = preSolution
		HideSolutionNode = FALSE
	EndGlobalSection
	GlobalSection(ExtensibilityGlobals) = postSolution
		SolutionGuid = {4E516701-A03E-408D-90E6-1DB4E8C7D650}
	EndGlobalSection
EndGlobal
